
Microsoft Visual Studio Solution File, Format Version 12.00
# Visual Studio Version 17
VisualStudioVersion = 17.7.34031.279
MinimumVisualStudioVersion = 10.0.40219.1
Project("{FAE04EC0-301F-11D3-BF4B-00C04F79EFBC}") = "SchoolProject2", "SchoolProject2\SchoolProject2.csproj", "{72503A57-E481-4A25-BC01-907AE1FBCDFB}"
EndProject
Global
	GlobalSection(SolutionConfigurationPlatforms) = preSolution
		Debug|Any CPU = Debug|Any CPU
		Release|Any CPU = Release|Any CPU
	EndGlobalSection
	GlobalSection(ProjectConfigurationPlatforms) = postSolution
		{72503A57-E481-4A25-BC01-907AE1FBCDFB}.Debug|Any CPU.ActiveCfg = Debug|Any CPU
		{72503A57-E481-4A25-BC01-907AE1FBCDFB}.Debug|Any CPU.Build.0 = Debug|Any CPU
		{72503A57-E481-4A25-BC01-907AE1FBCDFB}.Release|Any CPU.ActiveCfg = Release|Any CPU
		{72503A57-E481-4A25-BC01-907AE1FBCDFB}.Release|Any CPU.Build.0 = Release|Any CPU
	EndGlobalSection
	GlobalSection(SolutionProperties) = preSolution
		HideSolutionNode = FALSE
	EndGlobalSection
	GlobalSection(ExtensibilityGlobals) = postSolution
		SolutionGuid = {CA3E55CB-67FA-4B6B-BB4F-FDD6A75B90B5}
	EndGlobalSection
EndGlobal
